
Microsoft Visual Studio Solution File, Format Version 12.00
# Visual Studio Version 17
VisualStudioVersion = 17.3.32825.248
MinimumVisualStudioVersion = 10.0.40219.1
Project("{FAE04EC0-301F-11D3-BF4B-00C04F79EFBC}") = "tareaAsp", "tareaAsp\tareaAsp.csproj", "{87CA8518-ACF0-4D1E-8A66-44292E44700A}"
EndProject
Project("{FAE04EC0-301F-11D3-BF4B-00C04F79EFBC}") = "Modelo", "Modelo\Modelo.csproj", "{406AAF62-BF6D-4CCE-AA5B-5D8458A80D6D}"
EndProject
Global
	GlobalSection(SolutionConfigurationPlatforms) = preSolution
		Debug|Any CPU = Debug|Any CPU
		Release|Any CPU = Release|Any CPU
	EndGlobalSection
	GlobalSection(ProjectConfigurationPlatforms) = postSolution
		{87CA8518-ACF0-4D1E-8A66-44292E44700A}.Debug|Any CPU.ActiveCfg = Debug|Any CPU
		{87CA8518-ACF0-4D1E-8A66-44292E44700A}.Debug|Any CPU.Build.0 = Debug|Any CPU
		{87CA8518-ACF0-4D1E-8A66-44292E44700A}.Release|Any CPU.ActiveCfg = Release|Any CPU
		{87CA8518-ACF0-4D1E-8A66-44292E44700A}.Release|Any CPU.Build.0 = Release|Any CPU
		{406AAF62-BF6D-4CCE-AA5B-5D8458A80D6D}.Debug|Any CPU.ActiveCfg = Debug|Any CPU
		{406AAF62-BF6D-4CCE-AA5B-5D8458A80D6D}.Debug|Any CPU.Build.0 = Debug|Any CPU
		{406AAF62-BF6D-4CCE-AA5B-5D8458A80D6D}.Release|Any CPU.ActiveCfg = Release|Any CPU
		{406AAF62-BF6D-4CCE-AA5B-5D8458A80D6D}.Release|Any CPU.Build.0 = Release|Any CPU
	EndGlobalSection
	GlobalSection(SolutionProperties) = preSolution
		HideSolutionNode = FALSE
	EndGlobalSection
	GlobalSection(ExtensibilityGlobals) = postSolution
		SolutionGuid = {EF5FC2B0-CD44-489D-964A-7C4D4BE26C82}
	EndGlobalSection
EndGlobal
